
Microsoft Visual Studio Solution File, Format Version 12.00
# Visual Studio Version 17
VisualStudioVersion = 17.9.34622.214
MinimumVisualStudioVersion = 10.0.40219.1
Project("{FAE04EC0-301F-11D3-BF4B-00C04F79EFBC}") = "Arrays.ConsoleApp", "Arrays.ConsoleApp\Arrays.ConsoleApp.csproj", "{BCBBDF02-7E68-47BD-8010-71B21C31C398}"
EndProject
Global
	GlobalSection(SolutionConfigurationPlatforms) = preSolution
		Debug|Any CPU = Debug|Any CPU
		Release|Any CPU = Release|Any CPU
	EndGlobalSection
	GlobalSection(ProjectConfigurationPlatforms) = postSolution
		{BCBBDF02-7E68-47BD-8010-71B21C31C398}.Debug|Any CPU.ActiveCfg = Debug|Any CPU
		{BCBBDF02-7E68-47BD-8010-71B21C31C398}.Debug|Any CPU.Build.0 = Debug|Any CPU
		{BCBBDF02-7E68-47BD-8010-71B21C31C398}.Release|Any CPU.ActiveCfg = Release|Any CPU
		{BCBBDF02-7E68-47BD-8010-71B21C31C398}.Release|Any CPU.Build.0 = Release|Any CPU
	EndGlobalSection
	GlobalSection(SolutionProperties) = preSolution
		HideSolutionNode = FALSE
	EndGlobalSection
	GlobalSection(ExtensibilityGlobals) = postSolution
		SolutionGuid = {3B698CA8-3021-42F4-8F37-1BCA753F1880}
	EndGlobalSection
EndGlobal
